// !$*UTF8*$!
{
	archiveVersion = 1;
	classes = {
	};
	objectVersion = 56;
	objects = {

/* Begin PBXBuildFile section */
		C384D10F2975ADAB0010D22C /* AppDelegate.swift in Sources */ = {isa = PBXBuildFile; fileRef = C384D10E2975ADAB0010D22C /* AppDelegate.swift */; };
		C384D1112975ADAB0010D22C /* SceneDelegate.swift in Sources */ = {isa = PBXBuildFile; fileRef = C384D1102975ADAB0010D22C /* SceneDelegate.swift */; };
		C384D1132975ADAB0010D22C /* ViewController.swift in Sources */ = {isa = PBXBuildFile; fileRef = C384D1122975ADAB0010D22C /* ViewController.swift */; };
		C384D1182975ADAE0010D22C /* Assets.xcassets in Resources */ = {isa = PBXBuildFile; fileRef = C384D1172975ADAE0010D22C /* Assets.xcassets */; };
		C384D11B2975ADAE0010D22C /* LaunchScreen.storyboard in Resources */ = {isa = PBXBuildFile; fileRef = C384D1192975ADAE0010D22C /* LaunchScreen.storyboard */; };
		C384D1262975ADAE0010D22C /* OpenWeatherTests.swift in Sources */ = {isa = PBXBuildFile; fileRef = C384D1252975ADAE0010D22C /* OpenWeatherTests.swift */; };
		C384D1302975ADAE0010D22C /* OpenWeatherUITests.swift in Sources */ = {isa = PBXBuildFile; fileRef = C384D12F2975ADAE0010D22C /* OpenWeatherUITests.swift */; };
		C384D1322975ADAE0010D22C /* OpenWeatherUITestsLaunchTests.swift in Sources */ = {isa = PBXBuildFile; fileRef = C384D1312975ADAE0010D22C /* OpenWeatherUITestsLaunchTests.swift */; };
		C384D1442975BDD40010D22C /* RemoteWeather.swift in Sources */ = {isa = PBXBuildFile; fileRef = C384D1432975BDD40010D22C /* RemoteWeather.swift */; };
		C384D1462975CDD70010D22C /* CurrentWeatherViewModel.swift in Sources */ = {isa = PBXBuildFile; fileRef = C384D1452975CDD70010D22C /* CurrentWeatherViewModel.swift */; };
		C384D1482975EBA00010D22C /* Then+.swift in Sources */ = {isa = PBXBuildFile; fileRef = C384D1472975EBA00010D22C /* Then+.swift */; };
		C384D14A297751BA0010D22C /* RemoteRequestFactory.swift in Sources */ = {isa = PBXBuildFile; fileRef = C384D149297751BA0010D22C /* RemoteRequestFactory.swift */; };
		C384D14C2977807B0010D22C /* CustomTableViewCell.swift in Sources */ = {isa = PBXBuildFile; fileRef = C384D14B2977807B0010D22C /* CustomTableViewCell.swift */; };
		C384D14E2978737B0010D22C /* UITableView.swift in Sources */ = {isa = PBXBuildFile; fileRef = C384D14D2978737B0010D22C /* UITableView.swift */; };
		C384D1512978917B0010D22C /* WeatherAppFactory.swift in Sources */ = {isa = PBXBuildFile; fileRef = C384D1502978917B0010D22C /* WeatherAppFactory.swift */; };
		C384D1532978E13C0010D22C /* CurrentWeatherViewModelTests.swift in Sources */ = {isa = PBXBuildFile; fileRef = C384D1522978E13C0010D22C /* CurrentWeatherViewModelTests.swift */; };
		C384D1552978E20F0010D22C /* Utils.swift in Sources */ = {isa = PBXBuildFile; fileRef = C384D1542978E20F0010D22C /* Utils.swift */; };
		C384D1572978F0320010D22C /* RemoteWeatherRequestFactoryTests.swift in Sources */ = {isa = PBXBuildFile; fileRef = C384D1562978F0320010D22C /* RemoteWeatherRequestFactoryTests.swift */; };
/* End PBXBuildFile section */

/* Begin PBXContainerItemProxy section */
		C384D1222975ADAE0010D22C /* PBXContainerItemProxy */ = {
			isa = PBXContainerItemProxy;
			containerPortal = C384D1032975ADAB0010D22C /* Project object */;
			proxyType = 1;
			remoteGlobalIDString = C384D10A2975ADAB0010D22C;
			remoteInfo = OpenWeather;
		};
		C384D12C2975ADAE0010D22C /* PBXContainerItemProxy */ = {
			isa = PBXContainerItemProxy;
			containerPortal = C384D1032975ADAB0010D22C /* Project object */;
			proxyType = 1;
			remoteGlobalIDString = C384D10A2975ADAB0010D22C;
			remoteInfo = OpenWeather;
		};
/* End PBXContainerItemProxy section */

/* Begin PBXFileReference section */
		C384D10B2975ADAB0010D22C /* OpenWeather.app */ = {isa = PBXFileReference; explicitFileType = wrapper.application; includeInIndex = 0; path = OpenWeather.app; sourceTree = BUILT_PRODUCTS_DIR; };
		C384D10E2975ADAB0010D22C /* AppDelegate.swift */ = {isa = PBXFileReference; lastKnownFileType = sourcecode.swift; path = AppDelegate.swift; sourceTree = "<group>"; };
		C384D1102975ADAB0010D22C /* SceneDelegate.swift */ = {isa = PBXFileReference; lastKnownFileType = sourcecode.swift; path = SceneDelegate.swift; sourceTree = "<group>"; };
		C384D1122975ADAB0010D22C /* ViewController.swift */ = {isa = PBXFileReference; lastKnownFileType = sourcecode.swift; path = ViewController.swift; sourceTree = "<group>"; };
		C384D1172975ADAE0010D22C /* Assets.xcassets */ = {isa = PBXFileReference; lastKnownFileType = folder.assetcatalog; path = Assets.xcassets; sourceTree = "<group>"; };
		C384D11A2975ADAE0010D22C /* Base */ = {isa = PBXFileReference; lastKnownFileType = file.storyboard; name = Base; path = Base.lproj/LaunchScreen.storyboard; sourceTree = "<group>"; };
		C384D11C2975ADAE0010D22C /* Info.plist */ = {isa = PBXFileReference; lastKnownFileType = text.plist.xml; path = Info.plist; sourceTree = "<group>"; };
		C384D1212975ADAE0010D22C /* OpenWeatherTests.xctest */ = {isa = PBXFileReference; explicitFileType = wrapper.cfbundle; includeInIndex = 0; path = OpenWeatherTests.xctest; sourceTree = BUILT_PRODUCTS_DIR; };
		C384D1252975ADAE0010D22C /* OpenWeatherTests.swift */ = {isa = PBXFileReference; lastKnownFileType = sourcecode.swift; path = OpenWeatherTests.swift; sourceTree = "<group>"; };
		C384D12B2975ADAE0010D22C /* OpenWeatherUITests.xctest */ = {isa = PBXFileReference; explicitFileType = wrapper.cfbundle; includeInIndex = 0; path = OpenWeatherUITests.xctest; sourceTree = BUILT_PRODUCTS_DIR; };
		C384D12F2975ADAE0010D22C /* OpenWeatherUITests.swift */ = {isa = PBXFileReference; lastKnownFileType = sourcecode.swift; path = OpenWeatherUITests.swift; sourceTree = "<group>"; };
		C384D1312975ADAE0010D22C /* OpenWeatherUITestsLaunchTests.swift */ = {isa = PBXFileReference; lastKnownFileType = sourcecode.swift; path = OpenWeatherUITestsLaunchTests.swift; sourceTree = "<group>"; };
		C384D1432975BDD40010D22C /* RemoteWeather.swift */ = {isa = PBXFileReference; lastKnownFileType = sourcecode.swift; path = RemoteWeather.swift; sourceTree = "<group>"; };
		C384D1452975CDD70010D22C /* CurrentWeatherViewModel.swift */ = {isa = PBXFileReference; lastKnownFileType = sourcecode.swift; path = CurrentWeatherViewModel.swift; sourceTree = "<group>"; };
		C384D1472975EBA00010D22C /* Then+.swift */ = {isa = PBXFileReference; lastKnownFileType = sourcecode.swift; path = "Then+.swift"; sourceTree = "<group>"; };
		C384D149297751BA0010D22C /* RemoteRequestFactory.swift */ = {isa = PBXFileReference; lastKnownFileType = sourcecode.swift; path = RemoteRequestFactory.swift; sourceTree = "<group>"; };
		C384D14B2977807B0010D22C /* CustomTableViewCell.swift */ = {isa = PBXFileReference; lastKnownFileType = sourcecode.swift; path = CustomTableViewCell.swift; sourceTree = "<group>"; };
		C384D14D2978737B0010D22C /* UITableView.swift */ = {isa = PBXFileReference; lastKnownFileType = sourcecode.swift; path = UITableView.swift; sourceTree = "<group>"; };
		C384D1502978917B0010D22C /* WeatherAppFactory.swift */ = {isa = PBXFileReference; lastKnownFileType = sourcecode.swift; path = WeatherAppFactory.swift; sourceTree = "<group>"; };
		C384D1522978E13C0010D22C /* CurrentWeatherViewModelTests.swift */ = {isa = PBXFileReference; lastKnownFileType = sourcecode.swift; path = CurrentWeatherViewModelTests.swift; sourceTree = "<group>"; };
		C384D1542978E20F0010D22C /* Utils.swift */ = {isa = PBXFileReference; lastKnownFileType = sourcecode.swift; path = Utils.swift; sourceTree = "<group>"; };
		C384D1562978F0320010D22C /* RemoteWeatherRequestFactoryTests.swift */ = {isa = PBXFileReference; lastKnownFileType = sourcecode.swift; path = RemoteWeatherRequestFactoryTests.swift; sourceTree = "<group>"; };
/* End PBXFileReference section */

/* Begin PBXFrameworksBuildPhase section */
		C384D1082975ADAB0010D22C /* Frameworks */ = {
			isa = PBXFrameworksBuildPhase;
			buildActionMask = 2147483647;
			files = (
			);
			runOnlyForDeploymentPostprocessing = 0;
		};
		C384D11E2975ADAE0010D22C /* Frameworks */ = {
			isa = PBXFrameworksBuildPhase;
			buildActionMask = 2147483647;
			files = (
			);
			runOnlyForDeploymentPostprocessing = 0;
		};
		C384D1282975ADAE0010D22C /* Frameworks */ = {
			isa = PBXFrameworksBuildPhase;
			buildActionMask = 2147483647;
			files = (
			);
			runOnlyForDeploymentPostprocessing = 0;
		};
/* End PBXFrameworksBuildPhase section */

/* Begin PBXGroup section */
		C384D1022975ADAB0010D22C = {
			isa = PBXGroup;
			children = (
				C384D10D2975ADAB0010D22C /* OpenWeather */,
				C384D1242975ADAE0010D22C /* OpenWeatherTests */,
				C384D12E2975ADAE0010D22C /* OpenWeatherUITests */,
				C384D10C2975ADAB0010D22C /* Products */,
			);
			sourceTree = "<group>";
		};
		C384D10C2975ADAB0010D22C /* Products */ = {
			isa = PBXGroup;
			children = (
				C384D10B2975ADAB0010D22C /* OpenWeather.app */,
				C384D1212975ADAE0010D22C /* OpenWeatherTests.xctest */,
				C384D12B2975ADAE0010D22C /* OpenWeatherUITests.xctest */,
			);
			name = Products;
			sourceTree = "<group>";
		};
		C384D10D2975ADAB0010D22C /* OpenWeather */ = {
			isa = PBXGroup;
			children = (
				C384D14F297891600010D22C /* Factories */,
				C384D1422975BD530010D22C /* Utils */,
				C384D1412975BD4D0010D22C /* Remotes */,
				C384D13F2975BD3B0010D22C /* ViewModels */,
				C384D13E2975BD310010D22C /* Views */,
				C384D10E2975ADAB0010D22C /* AppDelegate.swift */,
				C384D1102975ADAB0010D22C /* SceneDelegate.swift */,
				C384D1172975ADAE0010D22C /* Assets.xcassets */,
				C384D1192975ADAE0010D22C /* LaunchScreen.storyboard */,
				C384D11C2975ADAE0010D22C /* Info.plist */,
			);
			path = OpenWeather;
			sourceTree = "<group>";
		};
		C384D1242975ADAE0010D22C /* OpenWeatherTests */ = {
			isa = PBXGroup;
			children = (
				C384D1252975ADAE0010D22C /* OpenWeatherTests.swift */,
				C384D1522978E13C0010D22C /* CurrentWeatherViewModelTests.swift */,
				C384D1562978F0320010D22C /* RemoteWeatherRequestFactoryTests.swift */,
				C384D1542978E20F0010D22C /* Utils.swift */,
			);
			path = OpenWeatherTests;
			sourceTree = "<group>";
		};
		C384D12E2975ADAE0010D22C /* OpenWeatherUITests */ = {
			isa = PBXGroup;
			children = (
				C384D12F2975ADAE0010D22C /* OpenWeatherUITests.swift */,
				C384D1312975ADAE0010D22C /* OpenWeatherUITestsLaunchTests.swift */,
			);
			path = OpenWeatherUITests;
			sourceTree = "<group>";
		};
		C384D13E2975BD310010D22C /* Views */ = {
			isa = PBXGroup;
			children = (
				C384D1122975ADAB0010D22C /* ViewController.swift */,
				C384D14B2977807B0010D22C /* CustomTableViewCell.swift */,
			);
			path = Views;
			sourceTree = "<group>";
		};
		C384D13F2975BD3B0010D22C /* ViewModels */ = {
			isa = PBXGroup;
			children = (
				C384D1452975CDD70010D22C /* CurrentWeatherViewModel.swift */,
			);
			path = ViewModels;
			sourceTree = "<group>";
		};
		C384D1412975BD4D0010D22C /* Remotes */ = {
			isa = PBXGroup;
			children = (
				C384D1432975BDD40010D22C /* RemoteWeather.swift */,
				C384D149297751BA0010D22C /* RemoteRequestFactory.swift */,
			);
			path = Remotes;
			sourceTree = "<group>";
		};
		C384D1422975BD530010D22C /* Utils */ = {
			isa = PBXGroup;
			children = (
				C384D1472975EBA00010D22C /* Then+.swift */,
				C384D14D2978737B0010D22C /* UITableView.swift */,
			);
			path = Utils;
			sourceTree = "<group>";
		};
		C384D14F297891600010D22C /* Factories */ = {
			isa = PBXGroup;
			children = (
				C384D1502978917B0010D22C /* WeatherAppFactory.swift */,
			);
			path = Factories;
			sourceTree = "<group>";
		};
/* End PBXGroup section */

/* Begin PBXNativeTarget section */
		C384D10A2975ADAB0010D22C /* OpenWeather */ = {
			isa = PBXNativeTarget;
			buildConfigurationList = C384D1352975ADAE0010D22C /* Build configuration list for PBXNativeTarget "OpenWeather" */;
			buildPhases = (
				C384D1072975ADAB0010D22C /* Sources */,
				C384D1082975ADAB0010D22C /* Frameworks */,
				C384D1092975ADAB0010D22C /* Resources */,
			);
			buildRules = (
			);
			dependencies = (
			);
			name = OpenWeather;
			productName = OpenWeather;
			productReference = C384D10B2975ADAB0010D22C /* OpenWeather.app */;
			productType = "com.apple.product-type.application";
		};
		C384D1202975ADAE0010D22C /* OpenWeatherTests */ = {
			isa = PBXNativeTarget;
			buildConfigurationList = C384D1382975ADAE0010D22C /* Build configuration list for PBXNativeTarget "OpenWeatherTests" */;
			buildPhases = (
				C384D11D2975ADAE0010D22C /* Sources */,
				C384D11E2975ADAE0010D22C /* Frameworks */,
				C384D11F2975ADAE0010D22C /* Resources */,
			);
			buildRules = (
			);
			dependencies = (
				C384D1232975ADAE0010D22C /* PBXTargetDependency */,
			);
			name = OpenWeatherTests;
			productName = OpenWeatherTests;
			productReference = C384D1212975ADAE0010D22C /* OpenWeatherTests.xctest */;
			productType = "com.apple.product-type.bundle.unit-test";
		};
		C384D12A2975ADAE0010D22C /* OpenWeatherUITests */ = {
			isa = PBXNativeTarget;
			buildConfigurationList = C384D13B2975ADAE0010D22C /* Build configuration list for PBXNativeTarget "OpenWeatherUITests" */;
			buildPhases = (
				C384D1272975ADAE0010D22C /* Sources */,
				C384D1282975ADAE0010D22C /* Frameworks */,
				C384D1292975ADAE0010D22C /* Resources */,
			);
			buildRules = (
			);
			dependencies = (
				C384D12D2975ADAE0010D22C /* PBXTargetDependency */,
			);
			name = OpenWeatherUITests;
			productName = OpenWeatherUITests;
			productReference = C384D12B2975ADAE0010D22C /* OpenWeatherUITests.xctest */;
			productType = "com.apple.product-type.bundle.ui-testing";
		};
/* End PBXNativeTarget section */

/* Begin PBXProject section */
		C384D1032975ADAB0010D22C /* Project object */ = {
			isa = PBXProject;
			attributes = {
				BuildIndependentTargetsInParallel = 1;
				LastSwiftUpdateCheck = 1410;
				LastUpgradeCheck = 1410;
				TargetAttributes = {
					C384D10A2975ADAB0010D22C = {
						CreatedOnToolsVersion = 14.1;
					};
					C384D1202975ADAE0010D22C = {
						CreatedOnToolsVersion = 14.1;
						TestTargetID = C384D10A2975ADAB0010D22C;
					};
					C384D12A2975ADAE0010D22C = {
						CreatedOnToolsVersion = 14.1;
						TestTargetID = C384D10A2975ADAB0010D22C;
					};
				};
			};
			buildConfigurationList = C384D1062975ADAB0010D22C /* Build configuration list for PBXProject "OpenWeather" */;
			compatibilityVersion = "Xcode 14.0";
			developmentRegion = en;
			hasScannedForEncodings = 0;
			knownRegions = (
				en,
				Base,
			);
			mainGroup = C384D1022975ADAB0010D22C;
			productRefGroup = C384D10C2975ADAB0010D22C /* Products */;
			projectDirPath = "";
			projectRoot = "";
			targets = (
				C384D10A2975ADAB0010D22C /* OpenWeather */,
				C384D1202975ADAE0010D22C /* OpenWeatherTests */,
				C384D12A2975ADAE0010D22C /* OpenWeatherUITests */,
			);
		};
/* End PBXProject section */

/* Begin PBXResourcesBuildPhase section */
		C384D1092975ADAB0010D22C /* Resources */ = {
			isa = PBXResourcesBuildPhase;
			buildActionMask = 2147483647;
			files = (
				C384D11B2975ADAE0010D22C /* LaunchScreen.storyboard in Resources */,
				C384D1182975ADAE0010D22C /* Assets.xcassets in Resources */,
			);
			runOnlyForDeploymentPostprocessing = 0;
		};
		C384D11F2975ADAE0010D22C /* Resources */ = {
			isa = PBXResourcesBuildPhase;
			buildActionMask = 2147483647;
			files = (
			);
			runOnlyForDeploymentPostprocessing = 0;
		};
		C384D1292975ADAE0010D22C /* Resources */ = {
			isa = PBXResourcesBuildPhase;
			buildActionMask = 2147483647;
			files = (
			);
			runOnlyForDeploymentPostprocessing = 0;
		};
/* End PBXResourcesBuildPhase section */

/* Begin PBXSourcesBuildPhase section */
		C384D1072975ADAB0010D22C /* Sources */ = {
			isa = PBXSourcesBuildPhase;
			buildActionMask = 2147483647;
			files = (
				C384D1132975ADAB0010D22C /* ViewController.swift in Sources */,
				C384D10F2975ADAB0010D22C /* AppDelegate.swift in Sources */,
				C384D14C2977807B0010D22C /* CustomTableViewCell.swift in Sources */,
				C384D1482975EBA00010D22C /* Then+.swift in Sources */,
				C384D1462975CDD70010D22C /* CurrentWeatherViewModel.swift in Sources */,
				C384D1512978917B0010D22C /* WeatherAppFactory.swift in Sources */,
				C384D14E2978737B0010D22C /* UITableView.swift in Sources */,
				C384D1442975BDD40010D22C /* RemoteWeather.swift in Sources */,
				C384D1112975ADAB0010D22C /* SceneDelegate.swift in Sources */,
				C384D14A297751BA0010D22C /* RemoteRequestFactory.swift in Sources */,
			);
			runOnlyForDeploymentPostprocessing = 0;
		};
		C384D11D2975ADAE0010D22C /* Sources */ = {
			isa = PBXSourcesBuildPhase;
			buildActionMask = 2147483647;
			files = (
				C384D1262975ADAE0010D22C /* OpenWeatherTests.swift in Sources */,
				C384D1572978F0320010D22C /* RemoteWeatherRequestFactoryTests.swift in Sources */,
				C384D1532978E13C0010D22C /* CurrentWeatherViewModelTests.swift in Sources */,
				C384D1552978E20F0010D22C /* Utils.swift in Sources */,
			);
			runOnlyForDeploymentPostprocessing = 0;
		};
		C384D1272975ADAE0010D22C /* Sources */ = {
			isa = PBXSourcesBuildPhase;
			buildActionMask = 2147483647;
			files = (
				C384D1302975ADAE0010D22C /* OpenWeatherUITests.swift in Sources */,
				C384D1322975ADAE0010D22C /* OpenWeatherUITestsLaunchTests.swift in Sources */,
			);
			runOnlyForDeploymentPostprocessing = 0;
		};
/* End PBXSourcesBuildPhase section */

/* Begin PBXTargetDependency section */
		C384D1232975ADAE0010D22C /* PBXTargetDependency */ = {
			isa = PBXTargetDependency;
			target = C384D10A2975ADAB0010D22C /* OpenWeather */;
			targetProxy = C384D1222975ADAE0010D22C /* PBXContainerItemProxy */;
		};
		C384D12D2975ADAE0010D22C /* PBXTargetDependency */ = {
			isa = PBXTargetDependency;
			target = C384D10A2975ADAB0010D22C /* OpenWeather */;
			targetProxy = C384D12C2975ADAE0010D22C /* PBXContainerItemProxy */;
		};
/* End PBXTargetDependency section */

/* Begin PBXVariantGroup section */
		C384D1192975ADAE0010D22C /* LaunchScreen.storyboard */ = {
			isa = PBXVariantGroup;
			children = (
				C384D11A2975ADAE0010D22C /* Base */,
			);
			name = LaunchScreen.storyboard;
			sourceTree = "<group>";
		};
/* End PBXVariantGroup section */

/* Begin XCBuildConfiguration section */
		C384D1332975ADAE0010D22C /* Debug */ = {
			isa = XCBuildConfiguration;
			buildSettings = {
				ALWAYS_SEARCH_USER_PATHS = NO;
				CLANG_ANALYZER_NONNULL = YES;
				CLANG_ANALYZER_NUMBER_OBJECT_CONVERSION = YES_AGGRESSIVE;
				CLANG_CXX_LANGUAGE_STANDARD = "gnu++20";
				CLANG_ENABLE_MODULES = YES;
				CLANG_ENABLE_OBJC_ARC = YES;
				CLANG_ENABLE_OBJC_WEAK = YES;
				CLANG_WARN_BLOCK_CAPTURE_AUTORELEASING = YES;
				CLANG_WARN_BOOL_CONVERSION = YES;
				CLANG_WARN_COMMA = YES;
				CLANG_WARN_CONSTANT_CONVERSION = YES;
				CLANG_WARN_DEPRECATED_OBJC_IMPLEMENTATIONS = YES;
				CLANG_WARN_DIRECT_OBJC_ISA_USAGE = YES_ERROR;
				CLANG_WARN_DOCUMENTATION_COMMENTS = YES;
				CLANG_WARN_EMPTY_BODY = YES;
				CLANG_WARN_ENUM_CONVERSION = YES;
				CLANG_WARN_INFINITE_RECURSION = YES;
				CLANG_WARN_INT_CONVERSION = YES;
				CLANG_WARN_NON_LITERAL_NULL_CONVERSION = YES;
				CLANG_WARN_OBJC_IMPLICIT_RETAIN_SELF = YES;
				CLANG_WARN_OBJC_LITERAL_CONVERSION = YES;
				CLANG_WARN_OBJC_ROOT_CLASS = YES_ERROR;
				CLANG_WARN_QUOTED_INCLUDE_IN_FRAMEWORK_HEADER = YES;
				CLANG_WARN_RANGE_LOOP_ANALYSIS = YES;
				CLANG_WARN_STRICT_PROTOTYPES = YES;
				CLANG_WARN_SUSPICIOUS_MOVE = YES;
				CLANG_WARN_UNGUARDED_AVAILABILITY = YES_AGGRESSIVE;
				CLANG_WARN_UNREACHABLE_CODE = YES;
				CLANG_WARN__DUPLICATE_METHOD_MATCH = YES;
				COPY_PHASE_STRIP = NO;
				DEBUG_INFORMATION_FORMAT = dwarf;
				ENABLE_STRICT_OBJC_MSGSEND = YES;
				ENABLE_TESTABILITY = YES;
				GCC_C_LANGUAGE_STANDARD = gnu11;
				GCC_DYNAMIC_NO_PIC = NO;
				GCC_NO_COMMON_BLOCKS = YES;
				GCC_OPTIMIZATION_LEVEL = 0;
				GCC_PREPROCESSOR_DEFINITIONS = (
					"DEBUG=1",
					"$(inherited)",
				);
				GCC_WARN_64_TO_32_BIT_CONVERSION = YES;
				GCC_WARN_ABOUT_RETURN_TYPE = YES_ERROR;
				GCC_WARN_UNDECLARED_SELECTOR = YES;
				GCC_WARN_UNINITIALIZED_AUTOS = YES_AGGRESSIVE;
				GCC_WARN_UNUSED_FUNCTION = YES;
				GCC_WARN_UNUSED_VARIABLE = YES;
				IPHONEOS_DEPLOYMENT_TARGET = 16.1;
				MTL_ENABLE_DEBUG_INFO = INCLUDE_SOURCE;
				MTL_FAST_MATH = YES;
				ONLY_ACTIVE_ARCH = YES;
				SDKROOT = iphoneos;
				SWIFT_ACTIVE_COMPILATION_CONDITIONS = DEBUG;
				SWIFT_OPTIMIZATION_LEVEL = "-Onone";
			};
			name = Debug;
		};
		C384D1342975ADAE0010D22C /* Release */ = {
			isa = XCBuildConfiguration;
			buildSettings = {
				ALWAYS_SEARCH_USER_PATHS = NO;
				CLANG_ANALYZER_NONNULL = YES;
				CLANG_ANALYZER_NUMBER_OBJECT_CONVERSION = YES_AGGRESSIVE;
				CLANG_CXX_LANGUAGE_STANDARD = "gnu++20";
				CLANG_ENABLE_MODULES = YES;
				CLANG_ENABLE_OBJC_ARC = YES;
				CLANG_ENABLE_OBJC_WEAK = YES;
				CLANG_WARN_BLOCK_CAPTURE_AUTORELEASING = YES;
				CLANG_WARN_BOOL_CONVERSION = YES;
				CLANG_WARN_COMMA = YES;
				CLANG_WARN_CONSTANT_CONVERSION = YES;
				CLANG_WARN_DEPRECATED_OBJC_IMPLEMENTATIONS = YES;
				CLANG_WARN_DIRECT_OBJC_ISA_USAGE = YES_ERROR;
				CLANG_WARN_DOCUMENTATION_COMMENTS = YES;
				CLANG_WARN_EMPTY_BODY = YES;
				CLANG_WARN_ENUM_CONVERSION = YES;
				CLANG_WARN_INFINITE_RECURSION = YES;
				CLANG_WARN_INT_CONVERSION = YES;
				CLANG_WARN_NON_LITERAL_NULL_CONVERSION = YES;
				CLANG_WARN_OBJC_IMPLICIT_RETAIN_SELF = YES;
				CLANG_WARN_OBJC_LITERAL_CONVERSION = YES;
				CLANG_WARN_OBJC_ROOT_CLASS = YES_ERROR;
				CLANG_WARN_QUOTED_INCLUDE_IN_FRAMEWORK_HEADER = YES;
				CLANG_WARN_RANGE_LOOP_ANALYSIS = YES;
				CLANG_WARN_STRICT_PROTOTYPES = YES;
				CLANG_WARN_SUSPICIOUS_MOVE = YES;
				CLANG_WARN_UNGUARDED_AVAILABILITY = YES_AGGRESSIVE;
				CLANG_WARN_UNREACHABLE_CODE = YES;
				CLANG_WARN__DUPLICATE_METHOD_MATCH = YES;
				COPY_PHASE_STRIP = NO;
				DEBUG_INFORMATION_FORMAT = "dwarf-with-dsym";
				ENABLE_NS_ASSERTIONS = NO;
				ENABLE_STRICT_OBJC_MSGSEND = YES;
				GCC_C_LANGUAGE_STANDARD = gnu11;
				GCC_NO_COMMON_BLOCKS = YES;
				GCC_WARN_64_TO_32_BIT_CONVERSION = YES;
				GCC_WARN_ABOUT_RETURN_TYPE = YES_ERROR;
				GCC_WARN_UNDECLARED_SELECTOR = YES;
				GCC_WARN_UNINITIALIZED_AUTOS = YES_AGGRESSIVE;
				GCC_WARN_UNUSED_FUNCTION = YES;
				GCC_WARN_UNUSED_VARIABLE = YES;
				IPHONEOS_DEPLOYMENT_TARGET = 16.1;
				MTL_ENABLE_DEBUG_INFO = NO;
				MTL_FAST_MATH = YES;
				SDKROOT = iphoneos;
				SWIFT_COMPILATION_MODE = wholemodule;
				SWIFT_OPTIMIZATION_LEVEL = "-O";
				VALIDATE_PRODUCT = YES;
			};
			name = Release;
		};
		C384D1362975ADAE0010D22C /* Debug */ = {
			isa = XCBuildConfiguration;
			buildSettings = {
				ASSETCATALOG_COMPILER_APPICON_NAME = AppIcon;
				ASSETCATALOG_COMPILER_GLOBAL_ACCENT_COLOR_NAME = AccentColor;
				CODE_SIGN_STYLE = Automatic;
				CURRENT_PROJECT_VERSION = 1;
				DEVELOPMENT_TEAM = CNX6N7G96L;
				GENERATE_INFOPLIST_FILE = YES;
				INFOPLIST_FILE = OpenWeather/Info.plist;
				INFOPLIST_KEY_UIApplicationSupportsIndirectInputEvents = YES;
				INFOPLIST_KEY_UILaunchStoryboardName = LaunchScreen;
				INFOPLIST_KEY_UISupportedInterfaceOrientations_iPad = "UIInterfaceOrientationPortrait UIInterfaceOrientationPortraitUpsideDown UIInterfaceOrientationLandscapeLeft UIInterfaceOrientationLandscapeRight";
				INFOPLIST_KEY_UISupportedInterfaceOrientations_iPhone = "UIInterfaceOrientationPortrait UIInterfaceOrientationLandscapeLeft UIInterfaceOrientationLandscapeRight";
				LD_RUNPATH_SEARCH_PATHS = (
					"$(inherited)",
					"@executable_path/Frameworks",
				);
				MARKETING_VERSION = 1.0;
				PRODUCT_BUNDLE_IDENTIFIER = com.jian.OpenWeather;
				PRODUCT_NAME = "$(TARGET_NAME)";
				SWIFT_EMIT_LOC_STRINGS = YES;
				SWIFT_VERSION = 5.0;
				TARGETED_DEVICE_FAMILY = "1,2";
			};
			name = Debug;
		};
		C384D1372975ADAE0010D22C /* Release */ = {
			isa = XCBuildConfiguration;
			buildSettings = {
				ASSETCATALOG_COMPILER_APPICON_NAME = AppIcon;
				ASSETCATALOG_COMPILER_GLOBAL_ACCENT_COLOR_NAME = AccentColor;
				CODE_SIGN_STYLE = Automatic;
				CURRENT_PROJECT_VERSION = 1;
				DEVELOPMENT_TEAM = CNX6N7G96L;
				GENERATE_INFOPLIST_FILE = YES;
				INFOPLIST_FILE = OpenWeather/Info.plist;
				INFOPLIST_KEY_UIApplicationSupportsIndirectInputEvents = YES;
				INFOPLIST_KEY_UILaunchStoryboardName = LaunchScreen;
				INFOPLIST_KEY_UISupportedInterfaceOrientations_iPad = "UIInterfaceOrientationPortrait UIInterfaceOrientationPortraitUpsideDown UIInterfaceOrientationLandscapeLeft UIInterfaceOrientationLandscapeRight";
				INFOPLIST_KEY_UISupportedInterfaceOrientations_iPhone = "UIInterfaceOrientationPortrait UIInterfaceOrientationLandscapeLeft UIInterfaceOrientationLandscapeRight";
				LD_RUNPATH_SEARCH_PATHS = (
					"$(inherited)",
					"@executable_path/Frameworks",
				);
				MARKETING_VERSION = 1.0;
				PRODUCT_BUNDLE_IDENTIFIER = com.jian.OpenWeather;
				PRODUCT_NAME = "$(TARGET_NAME)";
				SWIFT_EMIT_LOC_STRINGS = YES;
				SWIFT_VERSION = 5.0;
				TARGETED_DEVICE_FAMILY = "1,2";
			};
			name = Release;
		};
		C384D1392975ADAE0010D22C /* Debug */ = {
			isa = XCBuildConfiguration;
			buildSettings = {
				ALWAYS_EMBED_SWIFT_STANDARD_LIBRARIES = YES;
				BUNDLE_LOADER = "$(TEST_HOST)";
				CODE_SIGN_STYLE = Automatic;
				CURRENT_PROJECT_VERSION = 1;
				DEVELOPMENT_TEAM = CNX6N7G96L;
				GENERATE_INFOPLIST_FILE = YES;
				IPHONEOS_DEPLOYMENT_TARGET = 16.1;
				MARKETING_VERSION = 1.0;
				PRODUCT_BUNDLE_IDENTIFIER = com.jian.OpenWeatherTests;
				PRODUCT_NAME = "$(TARGET_NAME)";
				SWIFT_EMIT_LOC_STRINGS = NO;
				SWIFT_VERSION = 5.0;
				TARGETED_DEVICE_FAMILY = "1,2";
				TEST_HOST = "$(BUILT_PRODUCTS_DIR)/OpenWeather.app/$(BUNDLE_EXECUTABLE_FOLDER_PATH)/OpenWeather";
			};
			name = Debug;
		};
		C384D13A2975ADAE0010D22C /* Release */ = {
			isa = XCBuildConfiguration;
			buildSettings = {
				ALWAYS_EMBED_SWIFT_STANDARD_LIBRARIES = YES;
				BUNDLE_LOADER = "$(TEST_HOST)";
				CODE_SIGN_STYLE = Automatic;
				CURRENT_PROJECT_VERSION = 1;
				DEVELOPMENT_TEAM = CNX6N7G96L;
				GENERATE_INFOPLIST_FILE = YES;
				IPHONEOS_DEPLOYMENT_TARGET = 16.1;
				MARKETING_VERSION = 1.0;
				PRODUCT_BUNDLE_IDENTIFIER = com.jian.OpenWeatherTests;
				PRODUCT_NAME = "$(TARGET_NAME)";
				SWIFT_EMIT_LOC_STRINGS = NO;
				SWIFT_VERSION = 5.0;
				TARGETED_DEVICE_FAMILY = "1,2";
				TEST_HOST = "$(BUILT_PRODUCTS_DIR)/OpenWeather.app/$(BUNDLE_EXECUTABLE_FOLDER_PATH)/OpenWeather";
			};
			name = Release;
		};
		C384D13C2975ADAE0010D22C /* Debug */ = {
			isa = XCBuildConfiguration;
			buildSettings = {
				ALWAYS_EMBED_SWIFT_STANDARD_LIBRARIES = YES;
				CODE_SIGN_STYLE = Automatic;
				CURRENT_PROJECT_VERSION = 1;
				DEVELOPMENT_TEAM = CNX6N7G96L;
				GENERATE_INFOPLIST_FILE = YES;
				MARKETING_VERSION = 1.0;
				PRODUCT_BUNDLE_IDENTIFIER = com.jian.OpenWeatherUITests;
				PRODUCT_NAME = "$(TARGET_NAME)";
				SWIFT_EMIT_LOC_STRINGS = NO;
				SWIFT_VERSION = 5.0;
				TARGETED_DEVICE_FAMILY = "1,2";
				TEST_TARGET_NAME = OpenWeather;
			};
			name = Debug;
		};
		C384D13D2975ADAE0010D22C /* Release */ = {
			isa = XCBuildConfiguration;
			buildSettings = {
				ALWAYS_EMBED_SWIFT_STANDARD_LIBRARIES = YES;
				CODE_SIGN_STYLE = Automatic;
				CURRENT_PROJECT_VERSION = 1;
				DEVELOPMENT_TEAM = CNX6N7G96L;
				GENERATE_INFOPLIST_FILE = YES;
				MARKETING_VERSION = 1.0;
				PRODUCT_BUNDLE_IDENTIFIER = com.jian.OpenWeatherUITests;
				PRODUCT_NAME = "$(TARGET_NAME)";
				SWIFT_EMIT_LOC_STRINGS = NO;
				SWIFT_VERSION = 5.0;
				TARGETED_DEVICE_FAMILY = "1,2";
				TEST_TARGET_NAME = OpenWeather;
			};
			name = Release;
		};
/* End XCBuildConfiguration section */

/* Begin XCConfigurationList section */
		C384D1062975ADAB0010D22C /* Build configuration list for PBXProject "OpenWeather" */ = {
			isa = XCConfigurationList;
			buildConfigurations = (
				C384D1332975ADAE0010D22C /* Debug */,
				C384D1342975ADAE0010D22C /* Release */,
			);
			defaultConfigurationIsVisible = 0;
			defaultConfigurationName = Release;
		};
		C384D1352975ADAE0010D22C /* Build configuration list for PBXNativeTarget "OpenWeather" */ = {
			isa = XCConfigurationList;
			buildConfigurations = (
				C384D1362975ADAE0010D22C /* Debug */,
				C384D1372975ADAE0010D22C /* Release */,
			);
			defaultConfigurationIsVisible = 0;
			defaultConfigurationName = Release;
		};
		C384D1382975ADAE0010D22C /* Build configuration list for PBXNativeTarget "OpenWeatherTests" */ = {
			isa = XCConfigurationList;
			buildConfigurations = (
				C384D1392975ADAE0010D22C /* Debug */,
				C384D13A2975ADAE0010D22C /* Release */,
			);
			defaultConfigurationIsVisible = 0;
			defaultConfigurationName = Release;
		};
		C384D13B2975ADAE0010D22C /* Build configuration list for PBXNativeTarget "OpenWeatherUITests" */ = {
			isa = XCConfigurationList;
			buildConfigurations = (
				C384D13C2975ADAE0010D22C /* Debug */,
				C384D13D2975ADAE0010D22C /* Release */,
			);
			defaultConfigurationIsVisible = 0;
			defaultConfigurationName = Release;
		};
/* End XCConfigurationList section */
	};
	rootObject = C384D1032975ADAB0010D22C /* Project object */;
}
